// !$*UTF8*$!
{
	archiveVersion = 1;
	classes = {
	};
	objectVersion = 46;
	objects = {

/* Begin PBXBuildFile section */
		847FAB2D194DA8BA00503172 /* playVC.m in Sources */ = {isa = PBXBuildFile; fileRef = 847FAB2B194DA8BA00503172 /* playVC.m */; };
		9F9C7E09194DA0E300D11150 /* Foundation.framework in Frameworks */ = {isa = PBXBuildFile; fileRef = 9F9C7E08194DA0E300D11150 /* Foundation.framework */; };
		9F9C7E0B194DA0E300D11150 /* CoreGraphics.framework in Frameworks */ = {isa = PBXBuildFile; fileRef = 9F9C7E0A194DA0E300D11150 /* CoreGraphics.framework */; };
		9F9C7E0D194DA0E300D11150 /* UIKit.framework in Frameworks */ = {isa = PBXBuildFile; fileRef = 9F9C7E0C194DA0E300D11150 /* UIKit.framework */; };
		9F9C7E13194DA0E300D11150 /* InfoPlist.strings in Resources */ = {isa = PBXBuildFile; fileRef = 9F9C7E11194DA0E300D11150 /* InfoPlist.strings */; };
		9F9C7E15194DA0E300D11150 /* main.m in Sources */ = {isa = PBXBuildFile; fileRef = 9F9C7E14194DA0E300D11150 /* main.m */; };
		9F9C7E19194DA0E300D11150 /* TEDAppDelegate.m in Sources */ = {isa = PBXBuildFile; fileRef = 9F9C7E18194DA0E300D11150 /* TEDAppDelegate.m */; };
		9F9C7E1C194DA0E300D11150 /* Main.storyboard in Resources */ = {isa = PBXBuildFile; fileRef = 9F9C7E1A194DA0E300D11150 /* Main.storyboard */; };
		9F9C7E1F194DA0E300D11150 /* TEDViewController.m in Sources */ = {isa = PBXBuildFile; fileRef = 9F9C7E1E194DA0E300D11150 /* TEDViewController.m */; };
		9F9C7E21194DA0E300D11150 /* Images.xcassets in Resources */ = {isa = PBXBuildFile; fileRef = 9F9C7E20194DA0E300D11150 /* Images.xcassets */; };
		9F9C7E28194DA0E300D11150 /* XCTest.framework in Frameworks */ = {isa = PBXBuildFile; fileRef = 9F9C7E27194DA0E300D11150 /* XCTest.framework */; };
		9F9C7E29194DA0E300D11150 /* Foundation.framework in Frameworks */ = {isa = PBXBuildFile; fileRef = 9F9C7E08194DA0E300D11150 /* Foundation.framework */; };
		9F9C7E2A194DA0E300D11150 /* UIKit.framework in Frameworks */ = {isa = PBXBuildFile; fileRef = 9F9C7E0C194DA0E300D11150 /* UIKit.framework */; };
		9F9C7E32194DA0E300D11150 /* InfoPlist.strings in Resources */ = {isa = PBXBuildFile; fileRef = 9F9C7E30194DA0E300D11150 /* InfoPlist.strings */; };
		9F9C7E34194DA0E300D11150 /* aaaTests.m in Sources */ = {isa = PBXBuildFile; fileRef = 9F9C7E33194DA0E300D11150 /* aaaTests.m */; };
		9F9C7E59194DA7B100D11150 /* 01.jpg in Resources */ = {isa = PBXBuildFile; fileRef = 9F9C7E3F194DA7B100D11150 /* 01.jpg */; };
		9F9C7E5A194DA7B100D11150 /* 02.jpg in Resources */ = {isa = PBXBuildFile; fileRef = 9F9C7E40194DA7B100D11150 /* 02.jpg */; };
		9F9C7E5B194DA7B100D11150 /* 03.jpg in Resources */ = {isa = PBXBuildFile; fileRef = 9F9C7E41194DA7B100D11150 /* 03.jpg */; };
		9F9C7E5C194DA7B100D11150 /* 04.jpg in Resources */ = {isa = PBXBuildFile; fileRef = 9F9C7E42194DA7B100D11150 /* 04.jpg */; };
		9F9C7E5D194DA7B100D11150 /* 05.jpg in Resources */ = {isa = PBXBuildFile; fileRef = 9F9C7E43194DA7B100D11150 /* 05.jpg */; };
		9F9C7E5E194DA7B100D11150 /* 06.jpg in Resources */ = {isa = PBXBuildFile; fileRef = 9F9C7E44194DA7B100D11150 /* 06.jpg */; };
		9F9C7E5F194DA7B100D11150 /* 07.jpg in Resources */ = {isa = PBXBuildFile; fileRef = 9F9C7E45194DA7B100D11150 /* 07.jpg */; };
		9F9C7E60194DA7B100D11150 /* 08.jpg in Resources */ = {isa = PBXBuildFile; fileRef = 9F9C7E46194DA7B100D11150 /* 08.jpg */; };
		9F9C7E61194DA7B100D11150 /* 09.jpg in Resources */ = {isa = PBXBuildFile; fileRef = 9F9C7E47194DA7B100D11150 /* 09.jpg */; };
		9F9C7E62194DA7B100D11150 /* 10.jpg in Resources */ = {isa = PBXBuildFile; fileRef = 9F9C7E48194DA7B100D11150 /* 10.jpg */; };
		9F9C7E63194DA7B100D11150 /* 11.jpg in Resources */ = {isa = PBXBuildFile; fileRef = 9F9C7E49194DA7B100D11150 /* 11.jpg */; };
		9F9C7E64194DA7B100D11150 /* 12.jpg in Resources */ = {isa = PBXBuildFile; fileRef = 9F9C7E4A194DA7B100D11150 /* 12.jpg */; };
		9F9C7E65194DA7B100D11150 /* 13.jpg in Resources */ = {isa = PBXBuildFile; fileRef = 9F9C7E4B194DA7B100D11150 /* 13.jpg */; };
		9F9C7E66194DA7B100D11150 /* 14.jpg in Resources */ = {isa = PBXBuildFile; fileRef = 9F9C7E4C194DA7B100D11150 /* 14.jpg */; };
		9F9C7E67194DA7B100D11150 /* 15.jpg in Resources */ = {isa = PBXBuildFile; fileRef = 9F9C7E4D194DA7B100D11150 /* 15.jpg */; };
		9F9C7E68194DA7B100D11150 /* 16.jpg in Resources */ = {isa = PBXBuildFile; fileRef = 9F9C7E4E194DA7B100D11150 /* 16.jpg */; };
		9F9C7E69194DA7B100D11150 /* 17.jpg in Resources */ = {isa = PBXBuildFile; fileRef = 9F9C7E4F194DA7B100D11150 /* 17.jpg */; };
		9F9C7E6A194DA7B100D11150 /* 18.jpg in Resources */ = {isa = PBXBuildFile; fileRef = 9F9C7E50194DA7B100D11150 /* 18.jpg */; };
		9F9C7E6B194DA7B100D11150 /* 19.jpg in Resources */ = {isa = PBXBuildFile; fileRef = 9F9C7E51194DA7B100D11150 /* 19.jpg */; };
		9F9C7E6C194DA7B100D11150 /* 20.jpg in Resources */ = {isa = PBXBuildFile; fileRef = 9F9C7E52194DA7B100D11150 /* 20.jpg */; };
		9F9C7E6D194DA7B100D11150 /* 21.jpg in Resources */ = {isa = PBXBuildFile; fileRef = 9F9C7E53194DA7B100D11150 /* 21.jpg */; };
		9F9C7E6E194DA7B100D11150 /* 22.jpg in Resources */ = {isa = PBXBuildFile; fileRef = 9F9C7E54194DA7B100D11150 /* 22.jpg */; };
		9F9C7E6F194DA7B100D11150 /* 23.jpg in Resources */ = {isa = PBXBuildFile; fileRef = 9F9C7E55194DA7B100D11150 /* 23.jpg */; };
		9F9C7E70194DA7B100D11150 /* 24.jpg in Resources */ = {isa = PBXBuildFile; fileRef = 9F9C7E56194DA7B100D11150 /* 24.jpg */; };
		9F9C7E71194DA7B100D11150 /* 25.jpg in Resources */ = {isa = PBXBuildFile; fileRef = 9F9C7E57194DA7B100D11150 /* 25.jpg */; };
		9F9C7E72194DA7B100D11150 /* 26.jpg in Resources */ = {isa = PBXBuildFile; fileRef = 9F9C7E58194DA7B100D11150 /* 26.jpg */; };
/* End PBXBuildFile section */

/* Begin PBXContainerItemProxy section */
		9F9C7E2B194DA0E300D11150 /* PBXContainerItemProxy */ = {
			isa = PBXContainerItemProxy;
			containerPortal = 9F9C7DFD194DA0E200D11150 /* Project object */;
			proxyType = 1;
			remoteGlobalIDString = 9F9C7E04194DA0E200D11150;
			remoteInfo = aaa;
		};
/* End PBXContainerItemProxy section */

/* Begin PBXFileReference section */
		847FAB2B194DA8BA00503172 /* playVC.m */ = {isa = PBXFileReference; fileEncoding = 4; lastKnownFileType = sourcecode.c.objc; path = playVC.m; sourceTree = "<group>"; };
		847FAB2C194DA8BA00503172 /* playVC.h */ = {isa = PBXFileReference; fileEncoding = 4; lastKnownFileType = sourcecode.c.h; path = playVC.h; sourceTree = "<group>"; };
		9F9C7E05194DA0E200D11150 /* aaa.app */ = {isa = PBXFileReference; explicitFileType = wrapper.application; includeInIndex = 0; path = aaa.app; sourceTree = BUILT_PRODUCTS_DIR; };
		9F9C7E08194DA0E300D11150 /* Foundation.framework */ = {isa = PBXFileReference; lastKnownFileType = wrapper.framework; name = Foundation.framework; path = System/Library/Frameworks/Foundation.framework; sourceTree = SDKROOT; };
		9F9C7E0A194DA0E300D11150 /* CoreGraphics.framework */ = {isa = PBXFileReference; lastKnownFileType = wrapper.framework; name = CoreGraphics.framework; path = System/Library/Frameworks/CoreGraphics.framework; sourceTree = SDKROOT; };
		9F9C7E0C194DA0E300D11150 /* UIKit.framework */ = {isa = PBXFileReference; lastKnownFileType = wrapper.framework; name = UIKit.framework; path = System/Library/Frameworks/UIKit.framework; sourceTree = SDKROOT; };
		9F9C7E10194DA0E300D11150 /* aaa-Info.plist */ = {isa = PBXFileReference; lastKnownFileType = text.plist.xml; path = "aaa-Info.plist"; sourceTree = "<group>"; };
		9F9C7E12194DA0E300D11150 /* en */ = {isa = PBXFileReference; lastKnownFileType = text.plist.strings; name = en; path = en.lproj/InfoPlist.strings; sourceTree = "<group>"; };
		9F9C7E14194DA0E300D11150 /* main.m */ = {isa = PBXFileReference; lastKnownFileType = sourcecode.c.objc; path = main.m; sourceTree = "<group>"; };
		9F9C7E16194DA0E300D11150 /* aaa-Prefix.pch */ = {isa = PBXFileReference; lastKnownFileType = sourcecode.c.h; path = "aaa-Prefix.pch"; sourceTree = "<group>"; };
		9F9C7E17194DA0E300D11150 /* TEDAppDelegate.h */ = {isa = PBXFileReference; lastKnownFileType = sourcecode.c.h; path = TEDAppDelegate.h; sourceTree = "<group>"; };
		9F9C7E18194DA0E300D11150 /* TEDAppDelegate.m */ = {isa = PBXFileReference; lastKnownFileType = sourcecode.c.objc; path = TEDAppDelegate.m; sourceTree = "<group>"; };
		9F9C7E1B194DA0E300D11150 /* Base */ = {isa = PBXFileReference; lastKnownFileType = file.storyboard; name = Base; path = Base.lproj/Main.storyboard; sourceTree = "<group>"; };
		9F9C7E1D194DA0E300D11150 /* TEDViewController.h */ = {isa = PBXFileReference; lastKnownFileType = sourcecode.c.h; path = TEDViewController.h; sourceTree = "<group>"; };
		9F9C7E1E194DA0E300D11150 /* TEDViewController.m */ = {isa = PBXFileReference; lastKnownFileType = sourcecode.c.objc; path = TEDViewController.m; sourceTree = "<group>"; };
		9F9C7E20194DA0E300D11150 /* Images.xcassets */ = {isa = PBXFileReference; lastKnownFileType = folder.assetcatalog; path = Images.xcassets; sourceTree = "<group>"; };
		9F9C7E26194DA0E300D11150 /* aaaTests.xctest */ = {isa = PBXFileReference; explicitFileType = wrapper.cfbundle; includeInIndex = 0; path = aaaTests.xctest; sourceTree = BUILT_PRODUCTS_DIR; };
		9F9C7E27194DA0E300D11150 /* XCTest.framework */ = {isa = PBXFileReference; lastKnownFileType = wrapper.framework; name = XCTest.framework; path = Library/Frameworks/XCTest.framework; sourceTree = DEVELOPER_DIR; };
		9F9C7E2F194DA0E300D11150 /* aaaTests-Info.plist */ = {isa = PBXFileReference; lastKnownFileType = text.plist.xml; path = "aaaTests-Info.plist"; sourceTree = "<group>"; };
		9F9C7E31194DA0E300D11150 /* en */ = {isa = PBXFileReference; lastKnownFileType = text.plist.strings; name = en; path = en.lproj/InfoPlist.strings; sourceTree = "<group>"; };
		9F9C7E33194DA0E300D11150 /* aaaTests.m */ = {isa = PBXFileReference; lastKnownFileType = sourcecode.c.objc; path = aaaTests.m; sourceTree = "<group>"; };
		9F9C7E3F194DA7B100D11150 /* 01.jpg */ = {isa = PBXFileReference; lastKnownFileType = image.jpeg; path = 01.jpg; sourceTree = "<group>"; };
		9F9C7E40194DA7B100D11150 /* 02.jpg */ = {isa = PBXFileReference; lastKnownFileType = image.jpeg; path = 02.jpg; sourceTree = "<group>"; };
		9F9C7E41194DA7B100D11150 /* 03.jpg */ = {isa = PBXFileReference; lastKnownFileType = image.jpeg; path = 03.jpg; sourceTree = "<group>"; };
		9F9C7E42194DA7B100D11150 /* 04.jpg */ = {isa = PBXFileReference; lastKnownFileType = image.jpeg; path = 04.jpg; sourceTree = "<group>"; };
		9F9C7E43194DA7B100D11150 /* 05.jpg */ = {isa = PBXFileReference; lastKnownFileType = image.jpeg; path = 05.jpg; sourceTree = "<group>"; };
		9F9C7E44194DA7B100D11150 /* 06.jpg */ = {isa = PBXFileReference; lastKnownFileType = image.jpeg; path = 06.jpg; sourceTree = "<group>"; };
		9F9C7E45194DA7B100D11150 /* 07.jpg */ = {isa = PBXFileReference; lastKnownFileType = image.jpeg; path = 07.jpg; sourceTree = "<group>"; };
		9F9C7E46194DA7B100D11150 /* 08.jpg */ = {isa = PBXFileReference; lastKnownFileType = image.jpeg; path = 08.jpg; sourceTree = "<group>"; };
		9F9C7E47194DA7B100D11150 /* 09.jpg */ = {isa = PBXFileReference; lastKnownFileType = image.jpeg; path = 09.jpg; sourceTree = "<group>"; };
		9F9C7E48194DA7B100D11150 /* 10.jpg */ = {isa = PBXFileReference; lastKnownFileType = image.jpeg; path = 10.jpg; sourceTree = "<group>"; };
		9F9C7E49194DA7B100D11150 /* 11.jpg */ = {isa = PBXFileReference; lastKnownFileType = image.jpeg; path = 11.jpg; sourceTree = "<group>"; };
		9F9C7E4A194DA7B100D11150 /* 12.jpg */ = {isa = PBXFileReference; lastKnownFileType = image.jpeg; path = 12.jpg; sourceTree = "<group>"; };
		9F9C7E4B194DA7B100D11150 /* 13.jpg */ = {isa = PBXFileReference; lastKnownFileType = image.jpeg; path = 13.jpg; sourceTree = "<group>"; };
		9F9C7E4C194DA7B100D11150 /* 14.jpg */ = {isa = PBXFileReference; lastKnownFileType = image.jpeg; path = 14.jpg; sourceTree = "<group>"; };
		9F9C7E4D194DA7B100D11150 /* 15.jpg */ = {isa = PBXFileReference; lastKnownFileType = image.jpeg; path = 15.jpg; sourceTree = "<group>"; };
		9F9C7E4E194DA7B100D11150 /* 16.jpg */ = {isa = PBXFileReference; lastKnownFileType = image.jpeg; path = 16.jpg; sourceTree = "<group>"; };
		9F9C7E4F194DA7B100D11150 /* 17.jpg */ = {isa = PBXFileReference; lastKnownFileType = image.jpeg; path = 17.jpg; sourceTree = "<group>"; };
		9F9C7E50194DA7B100D11150 /* 18.jpg */ = {isa = PBXFileReference; lastKnownFileType = image.jpeg; path = 18.jpg; sourceTree = "<group>"; };
		9F9C7E51194DA7B100D11150 /* 19.jpg */ = {isa = PBXFileReference; lastKnownFileType = image.jpeg; path = 19.jpg; sourceTree = "<group>"; };
		9F9C7E52194DA7B100D11150 /* 20.jpg */ = {isa = PBXFileReference; lastKnownFileType = image.jpeg; path = 20.jpg; sourceTree = "<group>"; };
		9F9C7E53194DA7B100D11150 /* 21.jpg */ = {isa = PBXFileReference; lastKnownFileType = image.jpeg; path = 21.jpg; sourceTree = "<group>"; };
		9F9C7E54194DA7B100D11150 /* 22.jpg */ = {isa = PBXFileReference; lastKnownFileType = image.jpeg; path = 22.jpg; sourceTree = "<group>"; };
		9F9C7E55194DA7B100D11150 /* 23.jpg */ = {isa = PBXFileReference; lastKnownFileType = image.jpeg; path = 23.jpg; sourceTree = "<group>"; };
		9F9C7E56194DA7B100D11150 /* 24.jpg */ = {isa = PBXFileReference; lastKnownFileType = image.jpeg; path = 24.jpg; sourceTree = "<group>"; };
		9F9C7E57194DA7B100D11150 /* 25.jpg */ = {isa = PBXFileReference; lastKnownFileType = image.jpeg; path = 25.jpg; sourceTree = "<group>"; };
		9F9C7E58194DA7B100D11150 /* 26.jpg */ = {isa = PBXFileReference; lastKnownFileType = image.jpeg; path = 26.jpg; sourceTree = "<group>"; };
/* End PBXFileReference section */

/* Begin PBXFrameworksBuildPhase section */
		9F9C7E02194DA0E200D11150 /* Frameworks */ = {
			isa = PBXFrameworksBuildPhase;
			buildActionMask = 2147483647;
			files = (
				9F9C7E0B194DA0E300D11150 /* CoreGraphics.framework in Frameworks */,
				9F9C7E0D194DA0E300D11150 /* UIKit.framework in Frameworks */,
				9F9C7E09194DA0E300D11150 /* Foundation.framework in Frameworks */,
			);
			runOnlyForDeploymentPostprocessing = 0;
		};
		9F9C7E23194DA0E300D11150 /* Frameworks */ = {
			isa = PBXFrameworksBuildPhase;
			buildActionMask = 2147483647;
			files = (
				9F9C7E28194DA0E300D11150 /* XCTest.framework in Frameworks */,
				9F9C7E2A194DA0E300D11150 /* UIKit.framework in Frameworks */,
				9F9C7E29194DA0E300D11150 /* Foundation.framework in Frameworks */,
			);
			runOnlyForDeploymentPostprocessing = 0;
		};
/* End PBXFrameworksBuildPhase section */

/* Begin PBXGroup section */
		9F9C7DFC194DA0E200D11150 = {
			isa = PBXGroup;
			children = (
				9F9C7E0E194DA0E300D11150 /* aaa */,
				9F9C7E2D194DA0E300D11150 /* aaaTests */,
				9F9C7E07194DA0E200D11150 /* Frameworks */,
				9F9C7E06194DA0E200D11150 /* Products */,
			);
			sourceTree = "<group>";
		};
		9F9C7E06194DA0E200D11150 /* Products */ = {
			isa = PBXGroup;
			children = (
				9F9C7E05194DA0E200D11150 /* aaa.app */,
				9F9C7E26194DA0E300D11150 /* aaaTests.xctest */,
			);
			name = Products;
			sourceTree = "<group>";
		};
		9F9C7E07194DA0E200D11150 /* Frameworks */ = {
			isa = PBXGroup;
			children = (
				9F9C7E08194DA0E300D11150 /* Foundation.framework */,
				9F9C7E0A194DA0E300D11150 /* CoreGraphics.framework */,
				9F9C7E0C194DA0E300D11150 /* UIKit.framework */,
				9F9C7E27194DA0E300D11150 /* XCTest.framework */,
			);
			name = Frameworks;
			sourceTree = "<group>";
		};
		9F9C7E0E194DA0E300D11150 /* aaa */ = {
			isa = PBXGroup;
			children = (
				847FAB2B194DA8BA00503172 /* playVC.m */,
				847FAB2C194DA8BA00503172 /* playVC.h */,
				9F9C7E3D194DA7B100D11150 /* images */,
				9F9C7E17194DA0E300D11150 /* TEDAppDelegate.h */,
				9F9C7E18194DA0E300D11150 /* TEDAppDelegate.m */,
				9F9C7E1A194DA0E300D11150 /* Main.storyboard */,
				9F9C7E1D194DA0E300D11150 /* TEDViewController.h */,
				9F9C7E1E194DA0E300D11150 /* TEDViewController.m */,
				9F9C7E20194DA0E300D11150 /* Images.xcassets */,
				9F9C7E0F194DA0E300D11150 /* Supporting Files */,
			);
			path = aaa;
			sourceTree = "<group>";
		};
		9F9C7E0F194DA0E300D11150 /* Supporting Files */ = {
			isa = PBXGroup;
			children = (
				9F9C7E10194DA0E300D11150 /* aaa-Info.plist */,
				9F9C7E11194DA0E300D11150 /* InfoPlist.strings */,
				9F9C7E14194DA0E300D11150 /* main.m */,
				9F9C7E16194DA0E300D11150 /* aaa-Prefix.pch */,
			);
			name = "Supporting Files";
			sourceTree = "<group>";
		};
		9F9C7E2D194DA0E300D11150 /* aaaTests */ = {
			isa = PBXGroup;
			children = (
				9F9C7E33194DA0E300D11150 /* aaaTests.m */,
				9F9C7E2E194DA0E300D11150 /* Supporting Files */,
			);
			path = aaaTests;
			sourceTree = "<group>";
		};
		9F9C7E2E194DA0E300D11150 /* Supporting Files */ = {
			isa = PBXGroup;
			children = (
				9F9C7E2F194DA0E300D11150 /* aaaTests-Info.plist */,
				9F9C7E30194DA0E300D11150 /* InfoPlist.strings */,
			);
			name = "Supporting Files";
			sourceTree = "<group>";
		};
		9F9C7E3D194DA7B100D11150 /* images */ = {
			isa = PBXGroup;
			children = (
				9F9C7E3E194DA7B100D11150 /* english */,
			);
			path = images;
			sourceTree = "<group>";
		};
		9F9C7E3E194DA7B100D11150 /* english */ = {
			isa = PBXGroup;
			children = (
				9F9C7E3F194DA7B100D11150 /* 01.jpg */,
				9F9C7E40194DA7B100D11150 /* 02.jpg */,
				9F9C7E41194DA7B100D11150 /* 03.jpg */,
				9F9C7E42194DA7B100D11150 /* 04.jpg */,
				9F9C7E43194DA7B100D11150 /* 05.jpg */,
				9F9C7E44194DA7B100D11150 /* 06.jpg */,
				9F9C7E45194DA7B100D11150 /* 07.jpg */,
				9F9C7E46194DA7B100D11150 /* 08.jpg */,
				9F9C7E47194DA7B100D11150 /* 09.jpg */,
				9F9C7E48194DA7B100D11150 /* 10.jpg */,
				9F9C7E49194DA7B100D11150 /* 11.jpg */,
				9F9C7E4A194DA7B100D11150 /* 12.jpg */,
				9F9C7E4B194DA7B100D11150 /* 13.jpg */,
				9F9C7E4C194DA7B100D11150 /* 14.jpg */,
				9F9C7E4D194DA7B100D11150 /* 15.jpg */,
				9F9C7E4E194DA7B100D11150 /* 16.jpg */,
				9F9C7E4F194DA7B100D11150 /* 17.jpg */,
				9F9C7E50194DA7B100D11150 /* 18.jpg */,
				9F9C7E51194DA7B100D11150 /* 19.jpg */,
				9F9C7E52194DA7B100D11150 /* 20.jpg */,
				9F9C7E53194DA7B100D11150 /* 21.jpg */,
				9F9C7E54194DA7B100D11150 /* 22.jpg */,
				9F9C7E55194DA7B100D11150 /* 23.jpg */,
				9F9C7E56194DA7B100D11150 /* 24.jpg */,
				9F9C7E57194DA7B100D11150 /* 25.jpg */,
				9F9C7E58194DA7B100D11150 /* 26.jpg */,
			);
			path = english;
			sourceTree = "<group>";
		};
/* End PBXGroup section */

/* Begin PBXNativeTarget section */
		9F9C7E04194DA0E200D11150 /* aaa */ = {
			isa = PBXNativeTarget;
			buildConfigurationList = 9F9C7E37194DA0E300D11150 /* Build configuration list for PBXNativeTarget "aaa" */;
			buildPhases = (
				9F9C7E01194DA0E200D11150 /* Sources */,
				9F9C7E02194DA0E200D11150 /* Frameworks */,
				9F9C7E03194DA0E200D11150 /* Resources */,
			);
			buildRules = (
			);
			dependencies = (
			);
			name = aaa;
			productName = aaa;
			productReference = 9F9C7E05194DA0E200D11150 /* aaa.app */;
			productType = "com.apple.product-type.application";
		};
		9F9C7E25194DA0E300D11150 /* aaaTests */ = {
			isa = PBXNativeTarget;
			buildConfigurationList = 9F9C7E3A194DA0E300D11150 /* Build configuration list for PBXNativeTarget "aaaTests" */;
			buildPhases = (
				9F9C7E22194DA0E300D11150 /* Sources */,
				9F9C7E23194DA0E300D11150 /* Frameworks */,
				9F9C7E24194DA0E300D11150 /* Resources */,
			);
			buildRules = (
			);
			dependencies = (
				9F9C7E2C194DA0E300D11150 /* PBXTargetDependency */,
			);
			name = aaaTests;
			productName = aaaTests;
			productReference = 9F9C7E26194DA0E300D11150 /* aaaTests.xctest */;
			productType = "com.apple.product-type.bundle.unit-test";
		};
/* End PBXNativeTarget section */

/* Begin PBXProject section */
		9F9C7DFD194DA0E200D11150 /* Project object */ = {
			isa = PBXProject;
			attributes = {
				CLASSPREFIX = TED;
				LastUpgradeCheck = 0510;
				ORGANIZATIONNAME = "cheng Yi Hsin";
				TargetAttributes = {
					9F9C7E25194DA0E300D11150 = {
						TestTargetID = 9F9C7E04194DA0E200D11150;
					};
				};
			};
			buildConfigurationList = 9F9C7E00194DA0E200D11150 /* Build configuration list for PBXProject "aaa" */;
			compatibilityVersion = "Xcode 3.2";
			developmentRegion = English;
			hasScannedForEncodings = 0;
			knownRegions = (
				en,
				Base,
			);
			mainGroup = 9F9C7DFC194DA0E200D11150;
			productRefGroup = 9F9C7E06194DA0E200D11150 /* Products */;
			projectDirPath = "";
			projectRoot = "";
			targets = (
				9F9C7E04194DA0E200D11150 /* aaa */,
				9F9C7E25194DA0E300D11150 /* aaaTests */,
			);
		};
/* End PBXProject section */

/* Begin PBXResourcesBuildPhase section */
		9F9C7E03194DA0E200D11150 /* Resources */ = {
			isa = PBXResourcesBuildPhase;
			buildActionMask = 2147483647;
			files = (
				9F9C7E6F194DA7B100D11150 /* 23.jpg in Resources */,
				9F9C7E62194DA7B100D11150 /* 10.jpg in Resources */,
				9F9C7E72194DA7B100D11150 /* 26.jpg in Resources */,
				9F9C7E5F194DA7B100D11150 /* 07.jpg in Resources */,
				9F9C7E6C194DA7B100D11150 /* 20.jpg in Resources */,
				9F9C7E5B194DA7B100D11150 /* 03.jpg in Resources */,
				9F9C7E60194DA7B100D11150 /* 08.jpg in Resources */,
				9F9C7E5A194DA7B100D11150 /* 02.jpg in Resources */,
				9F9C7E6A194DA7B100D11150 /* 18.jpg in Resources */,
				9F9C7E69194DA7B100D11150 /* 17.jpg in Resources */,
				9F9C7E64194DA7B100D11150 /* 12.jpg in Resources */,
				9F9C7E63194DA7B100D11150 /* 11.jpg in Resources */,
				9F9C7E6E194DA7B100D11150 /* 22.jpg in Resources */,
				9F9C7E6B194DA7B100D11150 /* 19.jpg in Resources */,
				9F9C7E5D194DA7B100D11150 /* 05.jpg in Resources */,
				9F9C7E66194DA7B100D11150 /* 14.jpg in Resources */,
				9F9C7E5E194DA7B100D11150 /* 06.jpg in Resources */,
				9F9C7E65194DA7B100D11150 /* 13.jpg in Resources */,
				9F9C7E61194DA7B100D11150 /* 09.jpg in Resources */,
				9F9C7E6D194DA7B100D11150 /* 21.jpg in Resources */,
				9F9C7E21194DA0E300D11150 /* Images.xcassets in Resources */,
				9F9C7E71194DA7B100D11150 /* 25.jpg in Resources */,
				9F9C7E13194DA0E300D11150 /* InfoPlist.strings in Resources */,
				9F9C7E5C194DA7B100D11150 /* 04.jpg in Resources */,
				9F9C7E70194DA7B100D11150 /* 24.jpg in Resources */,
				9F9C7E59194DA7B100D11150 /* 01.jpg in Resources */,
				9F9C7E68194DA7B100D11150 /* 16.jpg in Resources */,
				9F9C7E1C194DA0E300D11150 /* Main.storyboard in Resources */,
				9F9C7E67194DA7B100D11150 /* 15.jpg in Resources */,
			);
			runOnlyForDeploymentPostprocessing = 0;
		};
		9F9C7E24194DA0E300D11150 /* Resources */ = {
			isa = PBXResourcesBuildPhase;
			buildActionMask = 2147483647;
			files = (
				9F9C7E32194DA0E300D11150 /* InfoPlist.strings in Resources */,
			);
			runOnlyForDeploymentPostprocessing = 0;
		};
/* End PBXResourcesBuildPhase section */

/* Begin PBXSourcesBuildPhase section */
		9F9C7E01194DA0E200D11150 /* Sources */ = {
			isa = PBXSourcesBuildPhase;
			buildActionMask = 2147483647;
			files = (
				9F9C7E1F194DA0E300D11150 /* TEDViewController.m in Sources */,
				9F9C7E19194DA0E300D11150 /* TEDAppDelegate.m in Sources */,
				847FAB2D194DA8BA00503172 /* playVC.m in Sources */,
				9F9C7E15194DA0E300D11150 /* main.m in Sources */,
			);
			runOnlyForDeploymentPostprocessing = 0;
		};
		9F9C7E22194DA0E300D11150 /* Sources */ = {
			isa = PBXSourcesBuildPhase;
			buildActionMask = 2147483647;
			files = (
				9F9C7E34194DA0E300D11150 /* aaaTests.m in Sources */,
			);
			runOnlyForDeploymentPostprocessing = 0;
		};
/* End PBXSourcesBuildPhase section */

/* Begin PBXTargetDependency section */
		9F9C7E2C194DA0E300D11150 /* PBXTargetDependency */ = {
			isa = PBXTargetDependency;
			target = 9F9C7E04194DA0E200D11150 /* aaa */;
			targetProxy = 9F9C7E2B194DA0E300D11150 /* PBXContainerItemProxy */;
		};
/* End PBXTargetDependency section */

/* Begin PBXVariantGroup section */
		9F9C7E11194DA0E300D11150 /* InfoPlist.strings */ = {
			isa = PBXVariantGroup;
			children = (
				9F9C7E12194DA0E300D11150 /* en */,
			);
			name = InfoPlist.strings;
			sourceTree = "<group>";
		};
		9F9C7E1A194DA0E300D11150 /* Main.storyboard */ = {
			isa = PBXVariantGroup;
			children = (
				9F9C7E1B194DA0E300D11150 /* Base */,
			);
			name = Main.storyboard;
			sourceTree = "<group>";
		};
		9F9C7E30194DA0E300D11150 /* InfoPlist.strings */ = {
			isa = PBXVariantGroup;
			children = (
				9F9C7E31194DA0E300D11150 /* en */,
			);
			name = InfoPlist.strings;
			sourceTree = "<group>";
		};
/* End PBXVariantGroup section */

/* Begin XCBuildConfiguration section */
		9F9C7E35194DA0E300D11150 /* Debug */ = {
			isa = XCBuildConfiguration;
			buildSettings = {
				ALWAYS_SEARCH_USER_PATHS = NO;
				CLANG_CXX_LANGUAGE_STANDARD = "gnu++0x";
				CLANG_CXX_LIBRARY = "libc++";
				CLANG_ENABLE_MODULES = YES;
				CLANG_ENABLE_OBJC_ARC = YES;
				CLANG_WARN_BOOL_CONVERSION = YES;
				CLANG_WARN_CONSTANT_CONVERSION = YES;
				CLANG_WARN_DIRECT_OBJC_ISA_USAGE = YES_ERROR;
				CLANG_WARN_EMPTY_BODY = YES;
				CLANG_WARN_ENUM_CONVERSION = YES;
				CLANG_WARN_INT_CONVERSION = YES;
				CLANG_WARN_OBJC_ROOT_CLASS = YES_ERROR;
				CLANG_WARN__DUPLICATE_METHOD_MATCH = YES;
				"CODE_SIGN_IDENTITY[sdk=iphoneos*]" = "iPhone Developer";
				COPY_PHASE_STRIP = NO;
				GCC_C_LANGUAGE_STANDARD = gnu99;
				GCC_DYNAMIC_NO_PIC = NO;
				GCC_OPTIMIZATION_LEVEL = 0;
				GCC_PREPROCESSOR_DEFINITIONS = (
					"DEBUG=1",
					"$(inherited)",
				);
				GCC_SYMBOLS_PRIVATE_EXTERN = NO;
				GCC_WARN_64_TO_32_BIT_CONVERSION = YES;
				GCC_WARN_ABOUT_RETURN_TYPE = YES_ERROR;
				GCC_WARN_UNDECLARED_SELECTOR = YES;
				GCC_WARN_UNINITIALIZED_AUTOS = YES_AGGRESSIVE;
				GCC_WARN_UNUSED_FUNCTION = YES;
				GCC_WARN_UNUSED_VARIABLE = YES;
				IPHONEOS_DEPLOYMENT_TARGET = 7.1;
				ONLY_ACTIVE_ARCH = YES;
				SDKROOT = iphoneos;
			};
			name = Debug;
		};
		9F9C7E36194DA0E300D11150 /* Release */ = {
			isa = XCBuildConfiguration;
			buildSettings = {
				ALWAYS_SEARCH_USER_PATHS = NO;
				CLANG_CXX_LANGUAGE_STANDARD = "gnu++0x";
				CLANG_CXX_LIBRARY = "libc++";
				CLANG_ENABLE_MODULES = YES;
				CLANG_ENABLE_OBJC_ARC = YES;
				CLANG_WARN_BOOL_CONVERSION = YES;
				CLANG_WARN_CONSTANT_CONVERSION = YES;
				CLANG_WARN_DIRECT_OBJC_ISA_USAGE = YES_ERROR;
				CLANG_WARN_EMPTY_BODY = YES;
				CLANG_WARN_ENUM_CONVERSION = YES;
				CLANG_WARN_INT_CONVERSION = YES;
				CLANG_WARN_OBJC_ROOT_CLASS = YES_ERROR;
				CLANG_WARN__DUPLICATE_METHOD_MATCH = YES;
				"CODE_SIGN_IDENTITY[sdk=iphoneos*]" = "iPhone Developer";
				COPY_PHASE_STRIP = YES;
				ENABLE_NS_ASSERTIONS = NO;
				GCC_C_LANGUAGE_STANDARD = gnu99;
				GCC_WARN_64_TO_32_BIT_CONVERSION = YES;
				GCC_WARN_ABOUT_RETURN_TYPE = YES_ERROR;
				GCC_WARN_UNDECLARED_SELECTOR = YES;
				GCC_WARN_UNINITIALIZED_AUTOS = YES_AGGRESSIVE;
				GCC_WARN_UNUSED_FUNCTION = YES;
				GCC_WARN_UNUSED_VARIABLE = YES;
				IPHONEOS_DEPLOYMENT_TARGET = 7.1;
				SDKROOT = iphoneos;
				VALIDATE_PRODUCT = YES;
			};
			name = Release;
		};
		9F9C7E38194DA0E300D11150 /* Debug */ = {
			isa = XCBuildConfiguration;
			buildSettings = {
				ASSETCATALOG_COMPILER_APPICON_NAME = AppIcon;
				ASSETCATALOG_COMPILER_LAUNCHIMAGE_NAME = LaunchImage;
				GCC_PRECOMPILE_PREFIX_HEADER = YES;
				GCC_PREFIX_HEADER = "aaa/aaa-Prefix.pch";
				INFOPLIST_FILE = "aaa/aaa-Info.plist";
				PRODUCT_NAME = "$(TARGET_NAME)";
				WRAPPER_EXTENSION = app;
			};
			name = Debug;
		};
		9F9C7E39194DA0E300D11150 /* Release */ = {
			isa = XCBuildConfiguration;
			buildSettings = {
				ASSETCATALOG_COMPILER_APPICON_NAME = AppIcon;
				ASSETCATALOG_COMPILER_LAUNCHIMAGE_NAME = LaunchImage;
				GCC_PRECOMPILE_PREFIX_HEADER = YES;
				GCC_PREFIX_HEADER = "aaa/aaa-Prefix.pch";
				INFOPLIST_FILE = "aaa/aaa-Info.plist";
				PRODUCT_NAME = "$(TARGET_NAME)";
				WRAPPER_EXTENSION = app;
			};
			name = Release;
		};
		9F9C7E3B194DA0E300D11150 /* Debug */ = {
			isa = XCBuildConfiguration;
			buildSettings = {
				BUNDLE_LOADER = "$(BUILT_PRODUCTS_DIR)/aaa.app/aaa";
				FRAMEWORK_SEARCH_PATHS = (
					"$(SDKROOT)/Developer/Library/Frameworks",
					"$(inherited)",
					"$(DEVELOPER_FRAMEWORKS_DIR)",
				);
				GCC_PRECOMPILE_PREFIX_HEADER = YES;
				GCC_PREFIX_HEADER = "aaa/aaa-Prefix.pch";
				GCC_PREPROCESSOR_DEFINITIONS = (
					"DEBUG=1",
					"$(inherited)",
				);
				INFOPLIST_FILE = "aaaTests/aaaTests-Info.plist";
				PRODUCT_NAME = "$(TARGET_NAME)";
				TEST_HOST = "$(BUNDLE_LOADER)";
				WRAPPER_EXTENSION = xctest;
			};
			name = Debug;
		};
		9F9C7E3C194DA0E300D11150 /* Release */ = {
			isa = XCBuildConfiguration;
			buildSettings = {
				BUNDLE_LOADER = "$(BUILT_PRODUCTS_DIR)/aaa.app/aaa";
				FRAMEWORK_SEARCH_PATHS = (
					"$(SDKROOT)/Developer/Library/Frameworks",
					"$(inherited)",
					"$(DEVELOPER_FRAMEWORKS_DIR)",
				);
				GCC_PRECOMPILE_PREFIX_HEADER = YES;
				GCC_PREFIX_HEADER = "aaa/aaa-Prefix.pch";
				INFOPLIST_FILE = "aaaTests/aaaTests-Info.plist";
				PRODUCT_NAME = "$(TARGET_NAME)";
				TEST_HOST = "$(BUNDLE_LOADER)";
				WRAPPER_EXTENSION = xctest;
			};
			name = Release;
		};
/* End XCBuildConfiguration section */

/* Begin XCConfigurationList section */
		9F9C7E00194DA0E200D11150 /* Build configuration list for PBXProject "aaa" */ = {
			isa = XCConfigurationList;
			buildConfigurations = (
				9F9C7E35194DA0E300D11150 /* Debug */,
				9F9C7E36194DA0E300D11150 /* Release */,
			);
			defaultConfigurationIsVisible = 0;
			defaultConfigurationName = Release;
		};
		9F9C7E37194DA0E300D11150 /* Build configuration list for PBXNativeTarget "aaa" */ = {
			isa = XCConfigurationList;
			buildConfigurations = (
				9F9C7E38194DA0E300D11150 /* Debug */,
				9F9C7E39194DA0E300D11150 /* Release */,
			);
			defaultConfigurationIsVisible = 0;
			defaultConfigurationName = Release;
		};
		9F9C7E3A194DA0E300D11150 /* Build configuration list for PBXNativeTarget "aaaTests" */ = {
			isa = XCConfigurationList;
			buildConfigurations = (
				9F9C7E3B194DA0E300D11150 /* Debug */,
				9F9C7E3C194DA0E300D11150 /* Release */,
			);
			defaultConfigurationIsVisible = 0;
			defaultConfigurationName = Release;
		};
/* End XCConfigurationList section */
	};
	rootObject = 9F9C7DFD194DA0E200D11150 /* Project object */;
}
